Microsoft Visual Studio Solution File, Format Version 12.00
# Visual Studio Version 17
VisualStudioVersion = 17.5.2.0
MinimumVisualStudioVersion = 10.0.40219.1
Project("{FAE04EC0-301F-11D3-BF4B-00C04F79EFBC}") = "flip", "flip.csproj", "{44B0CA4A-1ADF-18BB-7F71-EEE4A3653CAA}"
EndProject
Global
	GlobalSection(SolutionConfigurationPlatforms) = preSolution
		Debug|Any CPU = Debug|Any CPU
		Release|Any CPU = Release|Any CPU
	EndGlobalSection
	GlobalSection(ProjectConfigurationPlatforms) = postSolution
		{44B0CA4A-1ADF-18BB-7F71-EEE4A3653CAA}.Debug|Any CPU.ActiveCfg = Debug|Any CPU
		{44B0CA4A-1ADF-18BB-7F71-EEE4A3653CAA}.Debug|Any CPU.Build.0 = Debug|Any CPU
		{44B0CA4A-1ADF-18BB-7F71-EEE4A3653CAA}.Release|Any CPU.ActiveCfg = Release|Any CPU
		{44B0CA4A-1ADF-18BB-7F71-EEE4A3653CAA}.Release|Any CPU.Build.0 = Release|Any CPU
	EndGlobalSection
	GlobalSection(SolutionProperties) = preSolution
		HideSolutionNode = FALSE
	EndGlobalSection
	GlobalSection(ExtensibilityGlobals) = postSolution
		SolutionGuid = {8F413037-78CF-48E4-99FE-A8AA39D9D68E}
	EndGlobalSection
EndGlobal
